
Microsoft Visual Studio Solution File, Format Version 12.00
# Visual Studio 15
VisualStudioVersion = 15.0.28307.1082
MinimumVisualStudioVersion = 10.0.40219.1
Project("{9A19103F-16F7-4668-BE54-9A1E7A4F7556}") = "CSRedisCore", "src\CSRedisCore\CSRedisCore.csproj", "{43B8040F-6B86-451F-B841-4517261F24B9}"
EndProject
Project("{9A19103F-16F7-4668-BE54-9A1E7A4F7556}") = "Microsoft.Extensions.Caching.CSRedis", "src\Microsoft.Extensions.Caching.CSRedis\Microsoft.Extensions.Caching.CSRedis.csproj", "{3A5EDB85-856F-4849-AFF0-A13B2F4D91AD}"
EndProject
Project("{2150E333-8FDC-42A3-9474-1A3956D46DE8}") = "Test", "Test", "{CCD0F442-3FF5-4D65-AFD6-C7AE66683D4E}"
EndProject
Project("{9A19103F-16F7-4668-BE54-9A1E7A4F7556}") = "CSRedisCore.Tests", "test\CSRedisCore.Tests\CSRedisCore.Tests.csproj", "{53B2D742-1873-48AE-AEE8-A798A8EBEEEB}"
EndProject
Global
	GlobalSection(SolutionConfigurationPlatforms) = preSolution
		Debug|Any CPU = Debug|Any CPU
		Release|Any CPU = Release|Any CPU
	EndGlobalSection
	GlobalSection(ProjectConfigurationPlatforms) = postSolution
		{43B8040F-6B86-451F-B841-4517261F24B9}.Debug|Any CPU.ActiveCfg = Debug|Any CPU
		{43B8040F-6B86-451F-B841-4517261F24B9}.Debug|Any CPU.Build.0 = Debug|Any CPU
		{43B8040F-6B86-451F-B841-4517261F24B9}.Release|Any CPU.ActiveCfg = Release|Any CPU
		{43B8040F-6B86-451F-B841-4517261F24B9}.Release|Any CPU.Build.0 = Release|Any CPU
		{3A5EDB85-856F-4849-AFF0-A13B2F4D91AD}.Debug|Any CPU.ActiveCfg = Debug|Any CPU
		{3A5EDB85-856F-4849-AFF0-A13B2F4D91AD}.Debug|Any CPU.Build.0 = Debug|Any CPU
		{3A5EDB85-856F-4849-AFF0-A13B2F4D91AD}.Release|Any CPU.ActiveCfg = Release|Any CPU
		{3A5EDB85-856F-4849-AFF0-A13B2F4D91AD}.Release|Any CPU.Build.0 = Release|Any CPU
		{53B2D742-1873-48AE-AEE8-A798A8EBEEEB}.Debug|Any CPU.ActiveCfg = Debug|Any CPU
		{53B2D742-1873-48AE-AEE8-A798A8EBEEEB}.Debug|Any CPU.Build.0 = Debug|Any CPU
		{53B2D742-1873-48AE-AEE8-A798A8EBEEEB}.Release|Any CPU.ActiveCfg = Release|Any CPU
		{53B2D742-1873-48AE-AEE8-A798A8EBEEEB}.Release|Any CPU.Build.0 = Release|Any CPU
	EndGlobalSection
	GlobalSection(SolutionProperties) = preSolution
		HideSolutionNode = FALSE
	EndGlobalSection
	GlobalSection(NestedProjects) = preSolution
		{53B2D742-1873-48AE-AEE8-A798A8EBEEEB} = {CCD0F442-3FF5-4D65-AFD6-C7AE66683D4E}
	EndGlobalSection
	GlobalSection(ExtensibilityGlobals) = postSolution
		SolutionGuid = {8CC08B4F-3C86-435B-9BBB-C33B287BC14A}
	EndGlobalSection
EndGlobal
